
Microsoft Visual Studio Solution File, Format Version 12.00
# Visual Studio Version 17
VisualStudioVersion = 17.9.34728.123
MinimumVisualStudioVersion = 10.0.40219.1
Project("{FAE04EC0-301F-11D3-BF4B-00C04F79EFBC}") = "LeetCodePractice", "LeetCodePractice\LeetCodePractice.csproj", "{350C7B7D-E3E5-4834-A10F-79C516F358B8}"
EndProject
Project("{FAE04EC0-301F-11D3-BF4B-00C04F79EFBC}") = "LeetCodePracticeTests", "LeetCodePracticeTests\LeetCodePracticeTests.csproj", "{84872199-DE34-4650-BF8E-42E1D47F54B2}"
EndProject
Global
	GlobalSection(SolutionConfigurationPlatforms) = preSolution
		Debug|Any CPU = Debug|Any CPU
		Release|Any CPU = Release|Any CPU
	EndGlobalSection
	GlobalSection(ProjectConfigurationPlatforms) = postSolution
		{350C7B7D-E3E5-4834-A10F-79C516F358B8}.Debug|Any CPU.ActiveCfg = Debug|Any CPU
		{350C7B7D-E3E5-4834-A10F-79C516F358B8}.Debug|Any CPU.Build.0 = Debug|Any CPU
		{350C7B7D-E3E5-4834-A10F-79C516F358B8}.Release|Any CPU.ActiveCfg = Release|Any CPU
		{350C7B7D-E3E5-4834-A10F-79C516F358B8}.Release|Any CPU.Build.0 = Release|Any CPU
		{84872199-DE34-4650-BF8E-42E1D47F54B2}.Debug|Any CPU.ActiveCfg = Debug|Any CPU
		{84872199-DE34-4650-BF8E-42E1D47F54B2}.Debug|Any CPU.Build.0 = Debug|Any CPU
		{84872199-DE34-4650-BF8E-42E1D47F54B2}.Release|Any CPU.ActiveCfg = Release|Any CPU
		{84872199-DE34-4650-BF8E-42E1D47F54B2}.Release|Any CPU.Build.0 = Release|Any CPU
	EndGlobalSection
	GlobalSection(SolutionProperties) = preSolution
		HideSolutionNode = FALSE
	EndGlobalSection
	GlobalSection(ExtensibilityGlobals) = postSolution
		SolutionGuid = {54B8D347-ABE0-4D33-A8CC-07EDCC3B51BF}
	EndGlobalSection
EndGlobal
